Microsoft Visual Studio Solution File, Format Version 9.00
# Visual Studio 2005
Project("{F184B08F-C81C-45F6-A57F-5ABD9991F28F}") = "Q212929", "Q212929\Q212929.vbproj", "{664DFCCA-92F7-4D4C-BDA4-36DEFA6EA803}"
EndProject
Global
	GlobalSection(SolutionConfigurationPlatforms) = preSolution
		Debug|Any CPU = Debug|Any CPU
		Release|Any CPU = Release|Any CPU
	EndGlobalSection
	GlobalSection(ProjectConfigurationPlatforms) = postSolution
		{664DFCCA-92F7-4D4C-BDA4-36DEFA6EA803}.Debug|Any CPU.ActiveCfg = Debug|Any CPU
		{664DFCCA-92F7-4D4C-BDA4-36DEFA6EA803}.Debug|Any CPU.Build.0 = Debug|Any CPU
		{664DFCCA-92F7-4D4C-BDA4-36DEFA6EA803}.Release|Any CPU.ActiveCfg = Release|Any CPU
		{664DFCCA-92F7-4D4C-BDA4-36DEFA6EA803}.Release|Any CPU.Build.0 = Release|Any CPU
	EndGlobalSection
	GlobalSection(SolutionProperties) = preSolution
		HideSolutionNode = FALSE
	EndGlobalSection
EndGlobal
